{
  "name": "timechart",
  "version": "0.0.1",
  "lockfileVersion": 1,
  "requires": true,
  "dependencies": {
    "@rollup/plugin-commonjs": {
      "version": "11.0.1",
      "resolved": "https://registry.npm.taobao.org/@rollup/plugin-commonjs/download/@rollup/plugin-commonjs-11.0.1.tgz",
      "integrity": "sha1-YFamdXKGkBzGwVmRI+ZoCnjK1sI=",
      "dev": true,
      "requires": {
        "@rollup/pluginutils": "^3.0.0",
        "estree-walker": "^0.6.1",
        "is-reference": "^1.1.2",
        "magic-string": "^0.25.2",
        "resolve": "^1.11.0"
      }
    },
    "@rollup/plugin-node-resolve": {
      "version": "7.0.0",
      "resolved": "https://registry.npm.taobao.org/@rollup/plugin-node-resolve/download/@rollup/plugin-node-resolve-7.0.0.tgz",
      "integrity": "sha1-zOOCbfgBU4sAGXL7+baxwitp/fg=",
      "dev": true,
      "requires": {
        "@rollup/pluginutils": "^3.0.0",
        "@types/resolve": "0.0.8",
        "builtin-modules": "^3.1.0",
        "is-module": "^1.0.0",
        "resolve": "^1.11.1"
      }
    },
    "@rollup/plugin-typescript": {
      "version": "2.1.0",
      "resolved": "https://registry.npm.taobao.org/@rollup/plugin-typescript/download/@rollup/plugin-typescript-2.1.0.tgz",
      "integrity": "sha1-nU45zdFSkBiTKF2Qt76z4nVfslU=",
      "dev": true,
      "requires": {
        "@rollup/pluginutils": "^3.0.0",
        "resolve": "^1.13.1"
      }
    },
    "@rollup/pluginutils": {
      "version": "3.0.4",
      "resolved": "https://registry.npm.taobao.org/@rollup/pluginutils/download/@rollup/pluginutils-3.0.4.tgz",
      "integrity": "sha1-OhBKQakPjR3PMI4Y+PpALRzGV24=",
      "dev": true,
      "requires": {
        "estree-walker": "^0.6.1"
      }
    },
    "@types/d3-color": {
      "version": "1.2.2",
      "resolved": "https://registry.npm.taobao.org/@types/d3-color/download/@types/d3-color-1.2.2.tgz",
      "integrity": "sha1-gM98//dAFYe4+JMHujb+Sldrx88=",
      "dev": true
    },
    "@types/estree": {
      "version": "0.0.42",
      "resolved": "https://registry.npm.taobao.org/@types/estree/download/@types/estree-0.0.42.tgz",
      "integrity": "sha1-jQwfSAM57+2z5GBw4i3WPgQw3RE=",
      "dev": true
    },
    "@types/gl-matrix": {
      "version": "2.4.5",
      "resolved": "https://registry.npm.taobao.org/@types/gl-matrix/download/@types/gl-matrix-2.4.5.tgz",
      "integrity": "sha1-gGMNiPt0/4iXoqKFWopwDm7hnT4=",
      "dev": true
    },
    "@types/node": {
      "version": "13.1.8",
      "resolved": "https://registry.npm.taobao.org/@types/node/download/@types/node-13.1.8.tgz?cache=0&sync_timestamp=1579287307628&other_urls=https%3A%2F%2Fregistry.npm.taobao.org%2F%40types%2Fnode%2Fdownload%2F%40types%2Fnode-13.1.8.tgz",
      "integrity": "sha1-HVkEKf6Bh6AnB3IOzzim/kbOKUs=",
      "dev": true
    },
    "@types/resolve": {
      "version": "0.0.8",
      "resolved": "https://registry.npm.taobao.org/@types/resolve/download/@types/resolve-0.0.8.tgz?cache=0&other_urls=https%3A%2F%2Fregistry.npm.taobao.org%2F%40types%2Fresolve%2Fdownload%2F%40types%2Fresolve-0.0.8.tgz",
      "integrity": "sha1-8mB00jjgJlnjI84aE9BB7uKA4ZQ=",
      "dev": true,
      "requires": {
        "@types/node": "*"
      }
    },
    "acorn": {
      "version": "7.1.0",
      "resolved": "https://registry.npm.taobao.org/acorn/download/acorn-7.1.0.tgz?cache=0&sync_timestamp=1574807785634&other_urls=https%3A%2F%2Fregistry.npm.taobao.org%2Facorn%2Fdownload%2Facorn-7.1.0.tgz",
      "integrity": "sha1-lJ028sKSU12mAig1hsJHfFfrLWw=",
      "dev": true
    },
    "async": {
      "version": "2.6.3",
      "resolved": "https://registry.npm.taobao.org/async/download/async-2.6.3.tgz",
      "integrity": "sha1-1yYl4jRKNlbjo61Pp0n6gymdgv8=",
      "dev": true,
      "requires": {
        "lodash": "^4.17.14"
      }
    },
    "basic-auth": {
      "version": "1.1.0",
      "resolved": "https://registry.npm.taobao.org/basic-auth/download/basic-auth-1.1.0.tgz",
      "integrity": "sha1-RSIe5Cn37h5QNb4/UVM/HN/SmIQ=",
      "dev": true
    },
    "builtin-modules": {
      "version": "3.1.0",
      "resolved": "https://registry.npm.taobao.org/builtin-modules/download/builtin-modules-3.1.0.tgz",
      "integrity": "sha1-qtl8FRMet2tltQ7yCOdYTNdqdIQ=",
      "dev": true
    },
    "colors": {
      "version": "1.4.0",
      "resolved": "https://registry.npm.taobao.org/colors/download/colors-1.4.0.tgz",
      "integrity": "sha1-xQSRR51MG9rtLJztMs98fcI2D3g=",
      "dev": true
    },
    "corser": {
      "version": "2.0.1",
      "resolved": "https://registry.npm.taobao.org/corser/download/corser-2.0.1.tgz",
      "integrity": "sha1-jtolLsqrWEDc2XXOuQ2TcMgZ/4c=",
      "dev": true
    },
    "d3-color": {
      "version": "1.4.0",
      "resolved": "https://registry.npm.taobao.org/d3-color/download/d3-color-1.4.0.tgz",
      "integrity": "sha1-icRamV7Xc7EzFPBkYN8m1gug7K8="
    },
    "debug": {
      "version": "3.2.6",
      "resolved": "https://registry.npm.taobao.org/debug/download/debug-3.2.6.tgz",
      "integrity": "sha1-6D0X3hbYp++3cX7b5fsQE17uYps=",
      "dev": true,
      "requires": {
        "ms": "^2.1.1"
      }
    },
    "ecstatic": {
      "version": "3.3.2",
      "resolved": "https://registry.npm.taobao.org/ecstatic/download/ecstatic-3.3.2.tgz",
      "integrity": "sha1-bR3UmBTQBZRoLGUq22YHamnUbEg=",
      "dev": true,
      "requires": {
        "he": "^1.1.1",
        "mime": "^1.6.0",
        "minimist": "^1.1.0",
        "url-join": "^2.0.5"
      }
    },
    "estree-walker": {
      "version": "0.6.1",
      "resolved": "https://registry.npm.taobao.org/estree-walker/download/estree-walker-0.6.1.tgz",
      "integrity": "sha1-UwSRQ/QMbrkYsjZx0f4yGfOhs2I=",
      "dev": true
    },
    "eventemitter3": {
      "version": "4.0.0",
      "resolved": "https://registry.npm.taobao.org/eventemitter3/download/eventemitter3-4.0.0.tgz",
      "integrity": "sha1-1lF2FjiH7lnzhtZMgmELaWpKdOs=",
      "dev": true
    },
    "follow-redirects": {
      "version": "1.9.0",
      "resolved": "https://registry.npm.taobao.org/follow-redirects/download/follow-redirects-1.9.0.tgz",
      "integrity": "sha1-jVvNxltxCP4VCGScecEtcy3O208=",
      "dev": true,
      "requires": {
        "debug": "^3.0.0"
      }
    },
    "gl-matrix": {
      "version": "3.1.0",
      "resolved": "https://registry.npm.taobao.org/gl-matrix/download/gl-matrix-3.1.0.tgz?cache=0&other_urls=https%3A%2F%2Fregistry.npm.taobao.org%2Fgl-matrix%2Fdownload%2Fgl-matrix-3.1.0.tgz",
      "integrity": "sha1-9bLeF9j+2Vp55QJbEM3tCrnMvtA="
    },
    "he": {
      "version": "1.2.0",
      "resolved": "https://registry.npm.taobao.org/he/download/he-1.2.0.tgz",
      "integrity": "sha1-hK5l+n6vsWX922FWauFLrwVmTw8=",
      "dev": true
    },
    "http-proxy": {
      "version": "1.18.0",
      "resolved": "https://registry.npm.taobao.org/http-proxy/download/http-proxy-1.18.0.tgz?cache=0&sync_timestamp=1568770934756&other_urls=https%3A%2F%2Fregistry.npm.taobao.org%2Fhttp-proxy%2Fdownload%2Fhttp-proxy-1.18.0.tgz",
      "integrity": "sha1-2+VfY+daNH2389mZdPJpKjFKajo=",
      "dev": true,
      "requires": {
        "eventemitter3": "^4.0.0",
        "follow-redirects": "^1.0.0",
        "requires-port": "^1.0.0"
      }
    },
    "http-server": {
      "version": "0.12.1",
      "resolved": "https://registry.npm.taobao.org/http-server/download/http-server-0.12.1.tgz",
      "integrity": "sha1-YprpqMeGWH7iGw/wh7Zw9puAnYw=",
      "dev": true,
      "requires": {
        "basic-auth": "^1.0.3",
        "colors": "^1.3.3",
        "corser": "^2.0.1",
        "ecstatic": "^3.3.2",
        "http-proxy": "^1.17.0",
        "opener": "^1.5.1",
        "optimist": "~0.6.1",
        "portfinder": "^1.0.20",
        "secure-compare": "3.0.1",
        "union": "~0.5.0"
      }
    },
    "is-module": {
      "version": "1.0.0",
      "resolved": "https://registry.npm.taobao.org/is-module/download/is-module-1.0.0.tgz",
      "integrity": "sha1-Mlj7afeMFNW4FdZkM2tM/7ZEFZE=",
      "dev": true
    },
    "is-reference": {
      "version": "1.1.4",
      "resolved": "https://registry.npm.taobao.org/is-reference/download/is-reference-1.1.4.tgz",
      "integrity": "sha1-P5WEmIbdtwJWo+bQYrGmjBPFFCc=",
      "dev": true,
      "requires": {
        "@types/estree": "0.0.39"
      },
      "dependencies": {
        "@types/estree": {
          "version": "0.0.39",
          "resolved": "https://registry.npm.taobao.org/@types/estree/download/@types/estree-0.0.39.tgz",
          "integrity": "sha1-4Xfmme4bjCLSMXTKqnQiZEOJUJ8=",
          "dev": true
        }
      }
    },
    "lodash": {
      "version": "4.17.15",
      "resolved": "https://registry.npm.taobao.org/lodash/download/lodash-4.17.15.tgz",
      "integrity": "sha1-tEf2ZwoEVbv+7dETku/zMOoJdUg=",
      "dev": true
    },
    "magic-string": {
      "version": "0.25.6",
      "resolved": "https://registry.npm.taobao.org/magic-string/download/magic-string-0.25.6.tgz",
      "integrity": "sha1-VYY4fRJC+RnG0iNXnMk4vxQgeV4=",
      "dev": true,
      "requires": {
        "sourcemap-codec": "^1.4.4"
      }
    },
    "mime": {
      "version": "1.6.0",
      "resolved": "https://registry.npm.taobao.org/mime/download/mime-1.6.0.tgz",
      "integrity": "sha1-Ms2eXGRVO9WNGaVor0Uqz/BJgbE=",
      "dev": true
    },
    "minimist": {
      "version": "1.2.0",
      "resolved": "https://registry.npm.taobao.org/minimist/download/minimist-1.2.0.tgz",
      "integrity": "sha1-o1AIsg9BOD7sH7kU9M1d95omQoQ=",
      "dev": true
    },
    "mkdirp": {
      "version": "0.5.1",
      "resolved": "https://registry.npm.taobao.org/mkdirp/download/mkdirp-0.5.1.tgz",
      "integrity": "sha1-MAV0OOrGz3+MR2fzhkjWaX11yQM=",
      "dev": true,
      "requires": {
        "minimist": "0.0.8"
      },
      "dependencies": {
        "minimist": {
          "version": "0.0.8",
          "resolved": "https://registry.npm.taobao.org/minimist/download/minimist-0.0.8.tgz",
          "integrity": "sha1-hX/Kv8M5fSYluCKCYuhqp6ARsF0=",
          "dev": true
        }
      }
    },
    "ms": {
      "version": "2.1.2",
      "resolved": "https://registry.npm.taobao.org/ms/download/ms-2.1.2.tgz",
      "integrity": "sha1-0J0fNXtEP0kzgqjrPM0YOHKuYAk=",
      "dev": true
    },
    "opener": {
      "version": "1.5.1",
      "resolved": "https://registry.npm.taobao.org/opener/download/opener-1.5.1.tgz",
      "integrity": "sha1-bS8Od/GgrwAyrKcWwsH7uOfoq+0=",
      "dev": true
    },
    "optimist": {
      "version": "0.6.1",
      "resolved": "https://registry.npm.taobao.org/optimist/download/optimist-0.6.1.tgz",
      "integrity": "sha1-2j6nRob6IaGaERwybpDrFaAZZoY=",
      "dev": true,
      "requires": {
        "minimist": "~0.0.1",
        "wordwrap": "~0.0.2"
      },
      "dependencies": {
        "minimist": {
          "version": "0.0.10",
          "resolved": "https://registry.npm.taobao.org/minimist/download/minimist-0.0.10.tgz",
          "integrity": "sha1-3j+YVD2/lggr5IrRoMfNqDYwHc8=",
          "dev": true
        }
      }
    },
    "path-parse": {
      "version": "1.0.6",
      "resolved": "https://registry.npm.taobao.org/path-parse/download/path-parse-1.0.6.tgz",
      "integrity": "sha1-1i27VnlAXXLEc37FhgDp3c8G0kw=",
      "dev": true
    },
    "portfinder": {
      "version": "1.0.25",
      "resolved": "https://registry.npm.taobao.org/portfinder/download/portfinder-1.0.25.tgz",
      "integrity": "sha1-JU/TN/+6hp9LnTftwpgFnLTTXso=",
      "dev": true,
      "requires": {
        "async": "^2.6.2",
        "debug": "^3.1.1",
        "mkdirp": "^0.5.1"
      }
    },
    "qs": {
      "version": "6.9.1",
      "resolved": "https://registry.npm.taobao.org/qs/download/qs-6.9.1.tgz",
      "integrity": "sha1-IAgsZct4IjY1qxqerKiHWim/jsk=",
      "dev": true
    },
    "requires-port": {
      "version": "1.0.0",
      "resolved": "https://registry.npm.taobao.org/requires-port/download/requires-port-1.0.0.tgz",
      "integrity": "sha1-kl0mAdOaxIXgkc8NpcbmlNw9yv8=",
      "dev": true
    },
    "resolve": {
      "version": "1.14.2",
      "resolved": "https://registry.npm.taobao.org/resolve/download/resolve-1.14.2.tgz",
      "integrity": "sha1-2/MdD6mLHymqUWl4O5wpDLhl/qI=",
      "dev": true,
      "requires": {
        "path-parse": "^1.0.6"
      }
    },
    "rollup": {
      "version": "1.29.1",
      "resolved": "https://registry.npm.taobao.org/rollup/download/rollup-1.29.1.tgz",
      "integrity": "sha1-hxXQpMpDm+MHn4CVmJ7IqmD2N7w=",
      "dev": true,
      "requires": {
        "@types/estree": "*",
        "@types/node": "*",
        "acorn": "^7.1.0"
      }
    },
    "secure-compare": {
      "version": "3.0.1",
      "resolved": "https://registry.npm.taobao.org/secure-compare/download/secure-compare-3.0.1.tgz",
      "integrity": "sha1-8aAymzCLIh+uN7mXTz1XjQypmeM=",
      "dev": true
    },
    "sourcemap-codec": {
      "version": "1.4.8",
      "resolved": "https://registry.npm.taobao.org/sourcemap-codec/download/sourcemap-codec-1.4.8.tgz?cache=0&sync_timestamp=1579203623896&other_urls=https%3A%2F%2Fregistry.npm.taobao.org%2Fsourcemap-codec%2Fdownload%2Fsourcemap-codec-1.4.8.tgz",
      "integrity": "sha1-6oBL2UhXQC5pktBaOO8a41qatMQ=",
      "dev": true
    },
    "tslib": {
      "version": "1.10.0",
      "resolved": "https://registry.npm.taobao.org/tslib/download/tslib-1.10.0.tgz?cache=0&other_urls=https%3A%2F%2Fregistry.npm.taobao.org%2Ftslib%2Fdownload%2Ftslib-1.10.0.tgz",
      "integrity": "sha1-w8GflZc/sKYpc/sJ2Q2WHuQ+XIo="
    },
    "typescript": {
      "version": "3.7.5",
      "resolved": "https://registry.npm.taobao.org/typescript/download/typescript-3.7.5.tgz?cache=0&other_urls=https%3A%2F%2Fregistry.npm.taobao.org%2Ftypescript%2Fdownload%2Ftypescript-3.7.5.tgz",
      "integrity": "sha1-BpLiH2X9QQi5MwI4qsEd0uF3oa4=",
      "dev": true
    },
    "union": {
      "version": "0.5.0",
      "resolved": "https://registry.npm.taobao.org/union/download/union-0.5.0.tgz",
      "integrity": "sha1-ssEb6E9gU4U3uEbtuboma6AJAHU=",
      "dev": true,
      "requires": {
        "qs": "^6.4.0"
      }
    },
    "url-join": {
      "version": "2.0.5",
      "resolved": "https://registry.npm.taobao.org/url-join/download/url-join-2.0.5.tgz?cache=0&sync_timestamp=1562483530532&other_urls=https%3A%2F%2Fregistry.npm.taobao.org%2Furl-join%2Fdownload%2Furl-join-2.0.5.tgz",
      "integrity": "sha1-WvIvGMBSoACkjXuCxenC4v7tpyg=",
      "dev": true
    },
    "wordwrap": {
      "version": "0.0.3",
      "resolved": "https://registry.npm.taobao.org/wordwrap/download/wordwrap-0.0.3.tgz",
      "integrity": "sha1-o9XabNXAvAAI03I0u68b7WMFkQc=",
      "dev": true
    }
  }
}
