{
  "name": "timechart",
  "version": "0.0.1",
  "lockfileVersion": 1,
  "requires": true,
  "dependencies": {
    "@rollup/plugin-commonjs": {
      "version": "11.0.1",
      "resolved": "https://registry.npm.taobao.org/@rollup/plugin-commonjs/download/@rollup/plugin-commonjs-11.0.1.tgz",
      "integrity": "sha1-YFamdXKGkBzGwVmRI+ZoCnjK1sI=",
      "dev": true,
      "requires": {
        "@rollup/pluginutils": "^3.0.0",
        "estree-walker": "^0.6.1",
        "is-reference": "^1.1.2",
        "magic-string": "^0.25.2",
        "resolve": "^1.11.0"
      }
    },
    "@rollup/plugin-node-resolve": {
      "version": "7.0.0",
      "resolved": "https://registry.npm.taobao.org/@rollup/plugin-node-resolve/download/@rollup/plugin-node-resolve-7.0.0.tgz",
      "integrity": "sha1-zOOCbfgBU4sAGXL7+baxwitp/fg=",
      "dev": true,
      "requires": {
        "@rollup/pluginutils": "^3.0.0",
        "@types/resolve": "0.0.8",
        "builtin-modules": "^3.1.0",
        "is-module": "^1.0.0",
        "resolve": "^1.11.1"
      }
    },
    "@rollup/plugin-typescript": {
      "version": "2.1.0",
      "resolved": "https://registry.npm.taobao.org/@rollup/plugin-typescript/download/@rollup/plugin-typescript-2.1.0.tgz",
      "integrity": "sha1-nU45zdFSkBiTKF2Qt76z4nVfslU=",
      "dev": true,
      "requires": {
        "@rollup/pluginutils": "^3.0.0",
        "resolve": "^1.13.1"
      }
    },
    "@rollup/pluginutils": {
      "version": "3.0.4",
      "resolved": "https://registry.npm.taobao.org/@rollup/pluginutils/download/@rollup/pluginutils-3.0.4.tgz",
      "integrity": "sha1-OhBKQakPjR3PMI4Y+PpALRzGV24=",
      "dev": true,
      "requires": {
        "estree-walker": "^0.6.1"
      }
    },
    "@types/estree": {
      "version": "0.0.42",
      "resolved": "https://registry.npm.taobao.org/@types/estree/download/@types/estree-0.0.42.tgz",
      "integrity": "sha1-jQwfSAM57+2z5GBw4i3WPgQw3RE=",
      "dev": true
    },
    "@types/gl-matrix": {
      "version": "2.4.5",
      "resolved": "https://registry.npm.taobao.org/@types/gl-matrix/download/@types/gl-matrix-2.4.5.tgz",
      "integrity": "sha1-gGMNiPt0/4iXoqKFWopwDm7hnT4=",
      "dev": true
    },
    "@types/node": {
      "version": "13.1.8",
      "resolved": "https://registry.npm.taobao.org/@types/node/download/@types/node-13.1.8.tgz?cache=0&sync_timestamp=1579287307628&other_urls=https%3A%2F%2Fregistry.npm.taobao.org%2F%40types%2Fnode%2Fdownload%2F%40types%2Fnode-13.1.8.tgz",
      "integrity": "sha1-HVkEKf6Bh6AnB3IOzzim/kbOKUs=",
      "dev": true
    },
    "@types/resolve": {
      "version": "0.0.8",
      "resolved": "https://registry.npm.taobao.org/@types/resolve/download/@types/resolve-0.0.8.tgz?cache=0&other_urls=https%3A%2F%2Fregistry.npm.taobao.org%2F%40types%2Fresolve%2Fdownload%2F%40types%2Fresolve-0.0.8.tgz",
      "integrity": "sha1-8mB00jjgJlnjI84aE9BB7uKA4ZQ=",
      "dev": true,
      "requires": {
        "@types/node": "*"
      }
    },
    "acorn": {
      "version": "7.1.0",
      "resolved": "https://registry.npm.taobao.org/acorn/download/acorn-7.1.0.tgz?cache=0&sync_timestamp=1574807785634&other_urls=https%3A%2F%2Fregistry.npm.taobao.org%2Facorn%2Fdownload%2Facorn-7.1.0.tgz",
      "integrity": "sha1-lJ028sKSU12mAig1hsJHfFfrLWw=",
      "dev": true
    },
    "builtin-modules": {
      "version": "3.1.0",
      "resolved": "https://registry.npm.taobao.org/builtin-modules/download/builtin-modules-3.1.0.tgz",
      "integrity": "sha1-qtl8FRMet2tltQ7yCOdYTNdqdIQ=",
      "dev": true
    },
    "estree-walker": {
      "version": "0.6.1",
      "resolved": "https://registry.npm.taobao.org/estree-walker/download/estree-walker-0.6.1.tgz",
      "integrity": "sha1-UwSRQ/QMbrkYsjZx0f4yGfOhs2I=",
      "dev": true
    },
    "gl-matrix": {
      "version": "3.1.0",
      "resolved": "https://registry.npm.taobao.org/gl-matrix/download/gl-matrix-3.1.0.tgz?cache=0&other_urls=https%3A%2F%2Fregistry.npm.taobao.org%2Fgl-matrix%2Fdownload%2Fgl-matrix-3.1.0.tgz",
      "integrity": "sha1-9bLeF9j+2Vp55QJbEM3tCrnMvtA="
    },
    "is-module": {
      "version": "1.0.0",
      "resolved": "https://registry.npm.taobao.org/is-module/download/is-module-1.0.0.tgz",
      "integrity": "sha1-Mlj7afeMFNW4FdZkM2tM/7ZEFZE=",
      "dev": true
    },
    "is-reference": {
      "version": "1.1.4",
      "resolved": "https://registry.npm.taobao.org/is-reference/download/is-reference-1.1.4.tgz",
      "integrity": "sha1-P5WEmIbdtwJWo+bQYrGmjBPFFCc=",
      "dev": true,
      "requires": {
        "@types/estree": "0.0.39"
      },
      "dependencies": {
        "@types/estree": {
          "version": "0.0.39",
          "resolved": "https://registry.npm.taobao.org/@types/estree/download/@types/estree-0.0.39.tgz",
          "integrity": "sha1-4Xfmme4bjCLSMXTKqnQiZEOJUJ8=",
          "dev": true
        }
      }
    },
    "magic-string": {
      "version": "0.25.6",
      "resolved": "https://registry.npm.taobao.org/magic-string/download/magic-string-0.25.6.tgz",
      "integrity": "sha1-VYY4fRJC+RnG0iNXnMk4vxQgeV4=",
      "dev": true,
      "requires": {
        "sourcemap-codec": "^1.4.4"
      }
    },
    "path-parse": {
      "version": "1.0.6",
      "resolved": "https://registry.npm.taobao.org/path-parse/download/path-parse-1.0.6.tgz",
      "integrity": "sha1-1i27VnlAXXLEc37FhgDp3c8G0kw=",
      "dev": true
    },
    "resolve": {
      "version": "1.14.2",
      "resolved": "https://registry.npm.taobao.org/resolve/download/resolve-1.14.2.tgz",
      "integrity": "sha1-2/MdD6mLHymqUWl4O5wpDLhl/qI=",
      "dev": true,
      "requires": {
        "path-parse": "^1.0.6"
      }
    },
    "rollup": {
      "version": "1.29.1",
      "resolved": "https://registry.npm.taobao.org/rollup/download/rollup-1.29.1.tgz",
      "integrity": "sha1-hxXQpMpDm+MHn4CVmJ7IqmD2N7w=",
      "dev": true,
      "requires": {
        "@types/estree": "*",
        "@types/node": "*",
        "acorn": "^7.1.0"
      }
    },
    "sourcemap-codec": {
      "version": "1.4.8",
      "resolved": "https://registry.npm.taobao.org/sourcemap-codec/download/sourcemap-codec-1.4.8.tgz?cache=0&sync_timestamp=1579203623896&other_urls=https%3A%2F%2Fregistry.npm.taobao.org%2Fsourcemap-codec%2Fdownload%2Fsourcemap-codec-1.4.8.tgz",
      "integrity": "sha1-6oBL2UhXQC5pktBaOO8a41qatMQ=",
      "dev": true
    },
    "tslib": {
      "version": "1.10.0",
      "resolved": "https://registry.npm.taobao.org/tslib/download/tslib-1.10.0.tgz?cache=0&other_urls=https%3A%2F%2Fregistry.npm.taobao.org%2Ftslib%2Fdownload%2Ftslib-1.10.0.tgz",
      "integrity": "sha1-w8GflZc/sKYpc/sJ2Q2WHuQ+XIo="
    },
    "typescript": {
      "version": "3.7.5",
      "resolved": "https://registry.npm.taobao.org/typescript/download/typescript-3.7.5.tgz?cache=0&other_urls=https%3A%2F%2Fregistry.npm.taobao.org%2Ftypescript%2Fdownload%2Ftypescript-3.7.5.tgz",
      "integrity": "sha1-BpLiH2X9QQi5MwI4qsEd0uF3oa4=",
      "dev": true
    }
  }
}
